{
  "name": "sysand-docs",
  "lockfileVersion": 3,
  "requires": true,
  "packages": {
    "": {
      "name": "sysand-docs",
      "devDependencies": {
        "mystmd": "1.9.1"
      }
    },
    "node_modules/mystmd": {
      "version": "1.9.1",
      "resolved": "https://registry.npmjs.org/mystmd/-/mystmd-1.9.1.tgz",
      "integrity": "sha512-ya8u48V7Hn2EtE6DJTEtrWCZEnpIboiN5Ed6lDlvMikiSk8NHUxpocR2okf3BF8vNlC7Auj5s3T/Ulj3taN6bQ==",
      "dev": true,
      "license": "MIT",
      "bin": {
        "myst": "dist/myst.cjs"
      }
    }
  }
}
